
Microsoft Visual Studio Solution File, Format Version 12.00
Project("{2150E333-8FDC-42A3-9474-1A3956D46DE8}") = "src", "src", "{5C19EEA6-A68E-419E-B624-A8E6CB5C2892}"
EndProject
Project("{2150E333-8FDC-42A3-9474-1A3956D46DE8}") = "tests", "tests", "{A73C995E-C377-449C-BE5C-0E8C4D324BAB}"
EndProject
Project("{FAE04EC0-301F-11D3-BF4B-00C04F79EFBC}") = "CashFlow.api", "src\CashFlow.api\CashFlow.api.csproj", "{7A128B96-FAE7-40DC-A4CE-007AA5535235}"
EndProject
Project("{FAE04EC0-301F-11D3-BF4B-00C04F79EFBC}") = "CashFlow.Domain", "src\CashFlow.Domain\CashFlow.Domain.csproj", "{C08DE4D1-406C-44ED-B60B-042EBCD4A567}"
EndProject
Project("{FAE04EC0-301F-11D3-BF4B-00C04F79EFBC}") = "CashFlow.Application", "src\CashFlow.Application\CashFlow.Application.csproj", "{E345FB34-3DD0-4441-B192-AB30F96D6DF4}"
EndProject
Project("{FAE04EC0-301F-11D3-BF4B-00C04F79EFBC}") = "CashFlow.Communication", "src\CashFlow.Communication\CashFlow.Communication.csproj", "{3DF2A85D-95BA-4985-AD48-95DF2F2825A5}"
EndProject
Project("{FAE04EC0-301F-11D3-BF4B-00C04F79EFBC}") = "CashFlow.Exception", "src\CashFlow.Exception\CashFlow.Exception.csproj", "{13D3DADE-16AB-4FF4-86A7-4BB4DE016855}"
EndProject
Project("{FAE04EC0-301F-11D3-BF4B-00C04F79EFBC}") = "CashFlow.Infrastructure", "src\CashFlow.Infrastructure\CashFlow.Infrastructure.csproj", "{C05102C4-2FCC-4EAC-A2CC-1D88E78D15C4}"
EndProject
Project("{FAE04EC0-301F-11D3-BF4B-00C04F79EFBC}") = "Validators.Tests", "tests\Validators.Tests\Validators.Tests.csproj", "{A41220A0-B64E-4C69-93CF-1D69C9A0366E}"
EndProject
Project("{FAE04EC0-301F-11D3-BF4B-00C04F79EFBC}") = "CommonTestUtilities", "tests\CommonTestUtilities\CommonTestUtilities.csproj", "{E5339DA7-1988-4F85-93B7-34C0D80ED401}"
EndProject
Global
	GlobalSection(SolutionConfigurationPlatforms) = preSolution
		Debug|Any CPU = Debug|Any CPU
		Release|Any CPU = Release|Any CPU
	EndGlobalSection
	GlobalSection(NestedProjects) = preSolution
		{7A128B96-FAE7-40DC-A4CE-007AA5535235} = {5C19EEA6-A68E-419E-B624-A8E6CB5C2892}
		{C08DE4D1-406C-44ED-B60B-042EBCD4A567} = {5C19EEA6-A68E-419E-B624-A8E6CB5C2892}
		{E345FB34-3DD0-4441-B192-AB30F96D6DF4} = {5C19EEA6-A68E-419E-B624-A8E6CB5C2892}
		{3DF2A85D-95BA-4985-AD48-95DF2F2825A5} = {5C19EEA6-A68E-419E-B624-A8E6CB5C2892}
		{13D3DADE-16AB-4FF4-86A7-4BB4DE016855} = {5C19EEA6-A68E-419E-B624-A8E6CB5C2892}
		{C05102C4-2FCC-4EAC-A2CC-1D88E78D15C4} = {5C19EEA6-A68E-419E-B624-A8E6CB5C2892}
		{A41220A0-B64E-4C69-93CF-1D69C9A0366E} = {A73C995E-C377-449C-BE5C-0E8C4D324BAB}
		{E5339DA7-1988-4F85-93B7-34C0D80ED401} = {A73C995E-C377-449C-BE5C-0E8C4D324BAB}
	EndGlobalSection
	GlobalSection(ProjectConfigurationPlatforms) = postSolution
		{7A128B96-FAE7-40DC-A4CE-007AA5535235}.Debug|Any CPU.ActiveCfg = Debug|Any CPU
		{7A128B96-FAE7-40DC-A4CE-007AA5535235}.Debug|Any CPU.Build.0 = Debug|Any CPU
		{7A128B96-FAE7-40DC-A4CE-007AA5535235}.Release|Any CPU.ActiveCfg = Release|Any CPU
		{7A128B96-FAE7-40DC-A4CE-007AA5535235}.Release|Any CPU.Build.0 = Release|Any CPU
		{C08DE4D1-406C-44ED-B60B-042EBCD4A567}.Debug|Any CPU.ActiveCfg = Debug|Any CPU
		{C08DE4D1-406C-44ED-B60B-042EBCD4A567}.Debug|Any CPU.Build.0 = Debug|Any CPU
		{C08DE4D1-406C-44ED-B60B-042EBCD4A567}.Release|Any CPU.ActiveCfg = Release|Any CPU
		{C08DE4D1-406C-44ED-B60B-042EBCD4A567}.Release|Any CPU.Build.0 = Release|Any CPU
		{E345FB34-3DD0-4441-B192-AB30F96D6DF4}.Debug|Any CPU.ActiveCfg = Debug|Any CPU
		{E345FB34-3DD0-4441-B192-AB30F96D6DF4}.Debug|Any CPU.Build.0 = Debug|Any CPU
		{E345FB34-3DD0-4441-B192-AB30F96D6DF4}.Release|Any CPU.ActiveCfg = Release|Any CPU
		{E345FB34-3DD0-4441-B192-AB30F96D6DF4}.Release|Any CPU.Build.0 = Release|Any CPU
		{3DF2A85D-95BA-4985-AD48-95DF2F2825A5}.Debug|Any CPU.ActiveCfg = Debug|Any CPU
		{3DF2A85D-95BA-4985-AD48-95DF2F2825A5}.Debug|Any CPU.Build.0 = Debug|Any CPU
		{3DF2A85D-95BA-4985-AD48-95DF2F2825A5}.Release|Any CPU.ActiveCfg = Release|Any CPU
		{3DF2A85D-95BA-4985-AD48-95DF2F2825A5}.Release|Any CPU.Build.0 = Release|Any CPU
		{13D3DADE-16AB-4FF4-86A7-4BB4DE016855}.Debug|Any CPU.ActiveCfg = Debug|Any CPU
		{13D3DADE-16AB-4FF4-86A7-4BB4DE016855}.Debug|Any CPU.Build.0 = Debug|Any CPU
		{13D3DADE-16AB-4FF4-86A7-4BB4DE016855}.Release|Any CPU.ActiveCfg = Release|Any CPU
		{13D3DADE-16AB-4FF4-86A7-4BB4DE016855}.Release|Any CPU.Build.0 = Release|Any CPU
		{C05102C4-2FCC-4EAC-A2CC-1D88E78D15C4}.Debug|Any CPU.ActiveCfg = Debug|Any CPU
		{C05102C4-2FCC-4EAC-A2CC-1D88E78D15C4}.Debug|Any CPU.Build.0 = Debug|Any CPU
		{C05102C4-2FCC-4EAC-A2CC-1D88E78D15C4}.Release|Any CPU.ActiveCfg = Release|Any CPU
		{C05102C4-2FCC-4EAC-A2CC-1D88E78D15C4}.Release|Any CPU.Build.0 = Release|Any CPU
		{A41220A0-B64E-4C69-93CF-1D69C9A0366E}.Debug|Any CPU.ActiveCfg = Debug|Any CPU
		{A41220A0-B64E-4C69-93CF-1D69C9A0366E}.Debug|Any CPU.Build.0 = Debug|Any CPU
		{A41220A0-B64E-4C69-93CF-1D69C9A0366E}.Release|Any CPU.ActiveCfg = Release|Any CPU
		{A41220A0-B64E-4C69-93CF-1D69C9A0366E}.Release|Any CPU.Build.0 = Release|Any CPU
		{E5339DA7-1988-4F85-93B7-34C0D80ED401}.Debug|Any CPU.ActiveCfg = Debug|Any CPU
		{E5339DA7-1988-4F85-93B7-34C0D80ED401}.Debug|Any CPU.Build.0 = Debug|Any CPU
		{E5339DA7-1988-4F85-93B7-34C0D80ED401}.Release|Any CPU.ActiveCfg = Release|Any CPU
		{E5339DA7-1988-4F85-93B7-34C0D80ED401}.Release|Any CPU.Build.0 = Release|Any CPU
	EndGlobalSection
EndGlobal
